{
    "_meta": {
        "hash": {
            "sha256": "915d7f16e1258ec66edd3c4f4fd972f563e23fc0e9f8f56eabd41bcb76c56821"
        },
        "pipfile-spec": 6,
        "requires": {
            "python_version": "3"
        },
        "sources": [
            {
                "name": "pypi",
                "url": "https://pypi.org/simple",
                "verify_ssl": true
            }
        ]
    },
    "default": {
        "aiomqtt": {
            "hashes": [
                "sha256:127926717bd6b012d1630f9087f24552eb9c4af58205bc2964f09d6e304f7e63",
                "sha256:312feebe20bc76dc7c20916663011f3bd37aa6f42f9f687a19a1c58308d80d47"
            ],
            "markers": "python_version >= '3.8' and python_version < '4.0'",
            "version": "==2.3.0"
        },
        "jeepney": {
            "hashes": [
                "sha256:97e5714520c16fc0a45695e5365a2e11b81ea79bba796e26f9f1d178cb182683",
                "sha256:cf0e9e845622b81e4a28df94c40345400256ec608d0e55bb8a3feaa9163f5732"
            ],
            "markers": "python_version >= '3.7'",
            "version": "==0.9.0"
        },
        "paho-mqtt": {
            "hashes": [
                "sha256:12d6e7511d4137555a3f6ea167ae846af2c7357b10bc6fa4f7c3968fc1723834",
                "sha256:6db9ba9b34ed5bc6b6e3812718c7e06e2fd7444540df2455d2c51bd58808feee"
            ],
            "markers": "python_version >= '3.7'",
            "version": "==2.1.0"
        },
        "systemctl-mqtt": {
            "editable": true,
            "path": "."
        }
    },
    "develop": {
        "astroid": {
            "hashes": [
                "sha256:1e5a5011af2920c7c67a53f65d536d65bfa7116feeaf2354d8b94f29573bb0ce",
                "sha256:54c760ae8322ece1abd213057c4b5bba7c49818853fc901ef09719a60dbf9dec"
            ],
            "markers": "python_full_version >= '3.9.0'",
            "version": "==3.3.11"
        },
        "black": {
            "hashes": [
                "sha256:030b9759066a4ee5e5aca28c3c77f9c64789cdd4de8ac1df642c40b708be6171",
                "sha256:055e59b198df7ac0b7efca5ad7ff2516bca343276c466be72eb04a3bcc1f82d7",
                "sha256:0e519ecf93120f34243e6b0054db49c00a35f84f195d5bce7e9f5cfc578fc2da",
                "sha256:172b1dbff09f86ce6f4eb8edf9dede08b1fce58ba194c87d7a4f1a5aa2f5b3c2",
                "sha256:1e2978f6df243b155ef5fa7e558a43037c3079093ed5d10fd84c43900f2d8ecc",
                "sha256:33496d5cd1222ad73391352b4ae8da15253c5de89b93a80b3e2c8d9a19ec2666",
                "sha256:3b48735872ec535027d979e8dcb20bf4f70b5ac75a8ea99f127c106a7d7aba9f",
                "sha256:4b60580e829091e6f9238c848ea6750efed72140b91b048770b64e74fe04908b",
                "sha256:759e7ec1e050a15f89b770cefbf91ebee8917aac5c20483bc2d80a6c3a04df32",
                "sha256:8f0b18a02996a836cc9c9c78e5babec10930862827b1b724ddfe98ccf2f2fe4f",
                "sha256:95e8176dae143ba9097f351d174fdaf0ccd29efb414b362ae3fd72bf0f710717",
                "sha256:96c1c7cd856bba8e20094e36e0f948718dc688dba4a9d78c3adde52b9e6c2299",
                "sha256:a1ee0a0c330f7b5130ce0caed9936a904793576ef4d2b98c40835d6a65afa6a0",
                "sha256:a22f402b410566e2d1c950708c77ebf5ebd5d0d88a6a2e87c86d9fb48afa0d18",
                "sha256:a39337598244de4bae26475f77dda852ea00a93bd4c728e09eacd827ec929df0",
                "sha256:afebb7098bfbc70037a053b91ae8437c3857482d3a690fefc03e9ff7aa9a5fd3",
                "sha256:bacabb307dca5ebaf9c118d2d2f6903da0d62c9faa82bd21a33eecc319559355",
                "sha256:bce2e264d59c91e52d8000d507eb20a9aca4a778731a08cfff7e5ac4a4bb7096",
                "sha256:d9e6827d563a2c820772b32ce8a42828dc6790f095f441beef18f96aa6f8294e",
                "sha256:db8ea9917d6f8fc62abd90d944920d95e73c83a5ee3383493e35d271aca872e9",
                "sha256:ea0213189960bda9cf99be5b8c8ce66bb054af5e9e861249cd23471bd7b0b3ba",
                "sha256:f3df5f1bf91d36002b0a75389ca8663510cf0531cca8aa5c1ef695b46d98655f"
            ],
            "index": "pypi",
            "markers": "python_version >= '3.9'",
            "version": "==25.1.0"
        },
        "click": {
            "hashes": [
                "sha256:63c132bbbed01578a06712a2d1f497bb62d9c1c0d329b7903a866228027263b2",
                "sha256:ed53c9d8990d83c2a27deae68e4ee337473f6330c040a31d4225c9574d16096a"
            ],
            "markers": "python_version >= '3.7'",
            "version": "==8.1.8"
        },
        "coverage": {
            "extras": [
                "toml"
            ],
            "hashes": [
                "sha256:073711de3181b2e204e4870ac83a7c4853115b42e9cd4d145f2231e12d670930",
                "sha256:081b98395ced0d9bcf60ada7661a0b75f36b78b9d7e39ea0790bb4ed8da14747",
                "sha256:0de434f4fbbe5af4fa7989521c655c8c779afb61c53ab561b64dcee6149e4c65",
                "sha256:0e93b1476b79eae849dc3872faeb0bf7948fd9ea34869590bc16a2a00b9c82a7",
                "sha256:0f3f56e4cb573755e96a16501a98bf211f100463d70275759e73f3cbc00d4f27",
                "sha256:0f7cb359a448e043c576f0da00aa8bfd796a01b06aa610ca453d4dde09cc1034",
                "sha256:10356fdd33a7cc06e8051413140bbdc6f972137508a3572e3f59f805cd2832fd",
                "sha256:137921f2bac5559334ba66122b753db6dc5d1cf01eb7b64eb412bb0d064ef35b",
                "sha256:160c00a5e6b6bdf4e5984b0ef21fc860bc94416c41b7df4d63f536d17c38902e",
                "sha256:2195f8e16ba1a44651ca684db2ea2b2d4b5345da12f07d9c22a395202a05b23c",
                "sha256:282b1b20f45df57cc508c1e033403f02283adfb67d4c9c35a90281d81e5c52c5",
                "sha256:28395ca3f71cd103b8c116333fa9db867f3a3e1ad6a084aa3725ae002b6583bc",
                "sha256:2904271c80898663c810a6b067920a61dd8d38341244a3605bd31ab55250dad5",
                "sha256:2b38261034fda87be356f2c3f42221fdb4171c3ce7658066ae449241485390d5",
                "sha256:2e4c33e6378b9d52d3454bd08847a8651f4ed23ddbb4a0520227bd346382bbc6",
                "sha256:388d80e56191bf846c485c14ae2bc8898aa3124d9d35903fef7d907780477634",
                "sha256:3e23dd5408fe71a356b41baa82892772a4cefcf758f2ca3383d2aa39e1b7a003",
                "sha256:3fb99d0786fe17b228eab663d16bee2288e8724d26a199c29325aac4b0319b9b",
                "sha256:441c357d55f4936875636ef2cfb3bee36e466dcf50df9afbd398ce79dba1ebb7",
                "sha256:4cec13817a651f8804a86e4f79d815b3b28472c910e099e4d5a0e8a3b6a1d4cb",
                "sha256:5aea98383463d6e1fa4e95416d8de66f2d0cb588774ee20ae1b28df826bcb619",
                "sha256:5b15a87265e96307482746d86995f4bff282f14b027db75469c446da6127433b",
                "sha256:5b2dd6059938063a2c9fee1af729d4f2af28fd1a545e9b7652861f0d752ebcea",
                "sha256:5e75e37f23eb144e78940b40395b42f2321951206a4f50e23cfd6e8a198d3ceb",
                "sha256:6008a021907be8c4c02f37cdc3ffb258493bdebfeaf9a839f9e71dfdc47b018e",
                "sha256:61c950fc33d29c91b9e18540e1aed7d9f6787cc870a3e4032493bbbe641d12fc",
                "sha256:628055297f3e2aa181464c3808402887643405573eb3d9de060d81531fa79d32",
                "sha256:675824a363cc05781b1527b39dc2587b8984965834a748177ee3c37b64ffeafb",
                "sha256:689920ecfd60f992cafca4f5477d55720466ad2c7fa29bb56ac8d44a1ac2b47a",
                "sha256:692d70ea725f471a547c305f0d0fc6a73480c62fb0da726370c088ab21aed282",
                "sha256:6937347c5d7d069ee776b2bf4e1212f912a9f1f141a429c475e6089462fcecc5",
                "sha256:6b3039e2ca459a70c79523d39347d83b73f2f06af5624905eba7ec34d64d80b5",
                "sha256:6e31b8155150c57e5ac43ccd289d079eb3f825187d7c66e755a055d2c85794c6",
                "sha256:70e7bfbd57126b5554aa482691145f798d7df77489a177a6bef80de78860a356",
                "sha256:752a3005a1ded28f2f3a6e8787e24f28d6abe176ca64677bcd8d53d6fe2ec08a",
                "sha256:7d79dabc0a56f5af990cc6da9ad1e40766e82773c075f09cc571e2076fef882e",
                "sha256:7eb68d356ba0cc158ca535ce1381dbf2037fa8cb5b1ae5ddfc302e7317d04144",
                "sha256:80b1695cf7c5ebe7b44bf2521221b9bb8cdf69b1f24231149a7e3eb1ae5fa2fb",
                "sha256:851430a9a361c7a8484a36126d1d0ff8d529d97385eacc8dfdc9bfc8c2d2cbe4",
                "sha256:856986eadf41f52b214176d894a7de05331117f6035a28ac0016c0f63d887629",
                "sha256:86b9b59f2b16e981906e9d6383eb6446d5b46c278460ae2c36487667717eccf1",
                "sha256:8953746d371e5695405806c46d705a3cd170b9cc2b9f93953ad838f6c1e58612",
                "sha256:8cdbe264f11afd69841bd8c0d83ca10b5b32853263ee62e6ac6a0ab63895f972",
                "sha256:8dd5af36092430c2b075cee966719898f2ae87b636cefb85a653f1d0ba5d5393",
                "sha256:8e0c38dc289e0508ef68ec95834cb5d2e96fdbe792eaccaa1bccac3966bbadcc",
                "sha256:90558c35af64971d65fbd935c32010f9a2f52776103a259f1dee865fe8259352",
                "sha256:90cb5b1a4670662719591aa92d0095bb41714970c0b065b02a2610172dbf0af6",
                "sha256:92be86fcb125e9bda0da7806afd29a3fd33fdf58fba5d60318399adf40bf37d0",
                "sha256:92c4ecf6bf11b2e85fd4d8204814dc26e6a19f0c9d938c207c5cb0eadfcabbe3",
                "sha256:95d91d7317cde40a1c249d6b7382750b7e6d86fad9d8eaf4fa3f8f44cf171e80",
                "sha256:961834e2f2b863a0e14260a9a273aff07ff7818ab6e66d2addf5628590c628f9",
                "sha256:9702b59d582ff1e184945d8b501ffdd08d2cee38d93a2206aa5f1365ce0b8d78",
                "sha256:98cede73eb83c31e2118ae8d379c12e3e42736903a8afcca92a7218e1f2903b0",
                "sha256:99c4283e2a0e147b9c9cc6bc9c96124de9419d6044837e9799763a0e29a7321a",
                "sha256:99e1a305c7765631d74b98bf7dbf54eeea931f975e80f115437d23848ee8c27c",
                "sha256:a517feaf3a0a3eca1ee985d8373135cfdedfbba3882a5eab4362bda7c7cf518d",
                "sha256:a80f7aef9535442bdcf562e5a0d5a5538ce8abe6bb209cfbf170c462ac2c2a32",
                "sha256:ac765b026c9f33044419cbba1da913cfb82cca1b60598ac1c7a5ed6aac4621a0",
                "sha256:acf36b8268785aad739443fa2780c16260ee3fa09d12b3a70f772ef100939d80",
                "sha256:adec1d980fa07e60b6ef865f9e5410ba760e4e1d26f60f7e5772c73b9a5b0713",
                "sha256:b0353b0f0850d49ada66fdd7d0c7cdb0f86b900bb9e367024fd14a60cecc1e27",
                "sha256:b37201ce4a458c7a758ecc4efa92fa8ed783c66e0fa3c42ae19fc454a0792153",
                "sha256:bf9a19f5012dab774628491659646335b1928cfc931bf8d97b0d5918dd58033c",
                "sha256:c61fc91ab80b23f5fddbee342d19662f3d3328173229caded831aa0bd7595460",
                "sha256:c68018e4fc4e14b5668f1353b41ccf4bc83ba355f0e1b3836861c6f042d89ac1",
                "sha256:c706db3cabb7ceef779de68270150665e710b46d56372455cd741184f3868d8f",
                "sha256:c83f6afb480eae0313114297d29d7c295670a41c11b274e6bca0c64540c1ce7b",
                "sha256:c8a3ec16e34ef980a46f60dc6ad86ec60f763c3f2fa0db6d261e6e754f72e945",
                "sha256:c9a8b7a34a4de3ed987f636f71881cd3b8339f61118b1aa311fbda12741bff0b",
                "sha256:cd4b2b0707fc55afa160cd5fc33b27ccbf75ca11d81f4ec9863d5793fc6df56a",
                "sha256:d6b9ae13d5d3e8aeca9ca94198aa7b3ebbc5acfada557d724f2a1f03d2c0b0df",
                "sha256:d8fd7879082953c156d5b13c74aa6cca37f6a6f4747b39538504c3f9c63d043d",
                "sha256:d9369a23186d189b2fc95cc08b8160ba242057e887d766864f7adf3c46b2df21",
                "sha256:db4a1d897bbbe7339946ffa2fe60c10cc81c43fab8b062d3fcb84188688174a4",
                "sha256:df4ec1f8540b0bcbe26ca7dd0f541847cc8a108b35596f9f91f59f0c060bfdd2",
                "sha256:e132b9152749bd33534e5bd8565c7576f135f157b4029b975e15ee184325f528",
                "sha256:e3fb1fa01d3598002777dd259c0c2e6d9d5e10e7222976fc8e03992f972a2cba",
                "sha256:e41be6f0f19da64af13403e52f2dec38bbc2937af54df8ecef10850ff8d35301",
                "sha256:ec98435796d2624d6905820a42f82149ee9fc4f2d45c2c5bc5a44481cc50db62",
                "sha256:efeda443000aa23f276f4df973cb82beca682fd800bb119d19e80504ffe53ec2",
                "sha256:f2a6a8e06bbda06f78739f40bfb56c45d14eb8249d0f0ea6d4b3d48e1f7c695d",
                "sha256:f32ff80e7ef6a5b5b606ea69a36e97b219cd9dc799bcf2963018a4d8f788cfbf",
                "sha256:f35ed9d945bece26553d5b4c8630453169672bea0050a564456eb88bdffd927e",
                "sha256:f644a3ae5933a552a29dbb9aa2f90c677a875f80ebea028e5a52a4f429044b90",
                "sha256:f863c08f4ff6b64fa8045b1e3da480f5374779ef187f07b82e0538c68cb4ff8e",
                "sha256:fc53ba868875bfbb66ee447d64d6413c2db91fddcfca57025a0e7ab5b07d5862",
                "sha256:ff8a991f70f4c0cf53088abf1e3886edcc87d53004c7bb94e78650b4d3dac3b5",
                "sha256:ffea0575345e9ee0144dfe5701aa17f3ba546f8c3bb48db62ae101afb740e7d6"
            ],
            "markers": "python_version >= '3.9'",
            "version": "==7.10.6"
        },
        "dill": {
            "hashes": [
                "sha256:0633f1d2df477324f53a895b02c901fb961bdbf65a17122586ea7019292cbcf0",
                "sha256:44f54bf6412c2c8464c14e8243eb163690a9800dbe2c367330883b19c7561049"
            ],
            "markers": "python_version >= '0' and python_version >= '0'",
            "version": "==0.4.0"
        },
        "exceptiongroup": {
            "hashes": [
                "sha256:097acd85d473d75af5bb98e41b61ff7fe35efe6675e4f9370ec6ec5126d160e9",
                "sha256:343280667a4585d195ca1cf9cef84a4e178c4b6cf2274caef9859782b567d5e3"
            ],
            "index": "pypi",
            "markers": "python_version < '3.11'",
            "version": "==1.1.3"
        },
        "iniconfig": {
            "hashes": [
                "sha256:3abbd2e30b36733fee78f9c7f7308f2d0050e88f0087fd25c2645f63c773e1c7",
                "sha256:9deba5723312380e77435581c6bf4935c94cbfab9b1ed33ef8d238ea168eb760"
            ],
            "markers": "python_version >= '3.8'",
            "version": "==2.1.0"
        },
        "isort": {
            "hashes": [
                "sha256:1cb5df28dfbc742e490c5e41bad6da41b805b0a8be7bc93cd0fb2a8a890ac450",
                "sha256:2dc5d7f65c9678d94c88dfc29161a320eec67328bc97aad576874cb4be1e9615"
            ],
            "markers": "python_full_version >= '3.9.0'",
            "version": "==6.0.1"
        },
        "mccabe": {
            "hashes": [
                "sha256:348e0240c33b60bbdf4e523192ef919f28cb2c3d7d5c7794f74009290f236325",
                "sha256:6c2d30ab6be0e4a46919781807b4f0d834ebdd6c6e3dca0bda5a15f863427b6e"
            ],
            "markers": "python_version >= '3.6'",
            "version": "==0.7.0"
        },
        "mypy": {
            "hashes": [
                "sha256:040ecc95e026f71a9ad7956fea2724466602b561e6a25c2e5584160d3833aaa8",
                "sha256:1a0e70b87eb27b33209fa4792b051c6947976f6ab829daa83819df5f58330c71",
                "sha256:1cabb353194d2942522546501c0ff75c4043bf3b63069cb43274491b44b773c9",
                "sha256:1f95cc4f01c0f1701ca3b0355792bccec13ecb2ec1c469e5b85a6ef398398b1d",
                "sha256:261fbfced030228bc0f724d5d92f9ae69f46373bdfd0e04a533852677a11dbea",
                "sha256:2657654d82fcd2a87e02a33e0d23001789a554059bbf34702d623dafe353eabf",
                "sha256:2761b6ae22a2b7d8e8607fb9b81ae90bc2e95ec033fd18fa35e807af6c657763",
                "sha256:2a0c8392c19934c2b6c65566d3a6abdc6b51d5da7f5d04e43f0eb627d6eeee65",
                "sha256:2cd2c1e0f3a7465f22731987fff6fc427e3dcbb4ca5f7db5bbeaff2ff9a31f6d",
                "sha256:2fbcecbe5cf213ba294aa8c0b8c104400bf7bb64db82fb34fe32a205da4b3531",
                "sha256:320f0ad4205eefcb0e1a72428dde0ad10be73da9f92e793c36228e8ebf7298c0",
                "sha256:4dc6b34a1c6875e6286e27d836a35c0d04e8316beac4482d42cfea7ed2527df8",
                "sha256:502cde8896be8e638588b90fdcb4c5d5b8c1b004dfc63fd5604a973547367bb9",
                "sha256:51531b6e94f34b8bd8b01dee52bbcee80daeac45e69ec5c36e25bce51cbc46e6",
                "sha256:5956ecaabb3a245e3f34100172abca1507be687377fe20e24d6a7557e07080e2",
                "sha256:5b10e3ea7f2eec23b4929a3fabf84505da21034a4f4b9613cda81217e92b74f3",
                "sha256:6c903857b3e28fc5489e54042684a9509039ea0aedb2a619469438b544ae1961",
                "sha256:738b171690c8e47c93569635ee8ec633d2cdb06062f510b853b5f233020569a9",
                "sha256:7509549b5e41be279afc1228242d0e397f1af2919a8f2877ad542b199dc4083e",
                "sha256:82ace21edf7ba8af31c3308a61dc72df30500f4dbb26f99ac36b4b80809d7e94",
                "sha256:8750ceb014a96c9890421c83f0db53b0f3b8633e2864c6f9bc0a8e93951ed18d",
                "sha256:8c05a7f8c00300a52f3a4fcc95a185e99bf944d7e851ff141bae8dcf6dcfeac4",
                "sha256:913f668ec50c3337b89df22f973c1c8f0b29ee9e290a8b7fe01cc1ef7446d42e",
                "sha256:937e3ed86cb731276706e46e03512547e43c391a13f363e08d0fee49a7c38a0d",
                "sha256:99f272c9b59f5826fffa439575716276d19cbf9654abc84a2ba2d77090a0ba14",
                "sha256:9e988c64ad3ac5987f43f5154f884747faf62141b7f842e87465b45299eea5a9",
                "sha256:a2dfd53dfe632f1ef5d161150a4b1f2d0786746ae02950eb3ac108964ee2975a",
                "sha256:b76a4de66a0ac01da1be14ecc8ae88ddea33b8380284a9e3eae39d57ebcbe26e",
                "sha256:b8367e33506300f07a43012fc546402f283c3f8bcff1dc338636affb710154ce",
                "sha256:ba24603c58e34dd5b096dfad792d87b304fc6470cbb1c22fd64e7ebd17edcc61",
                "sha256:c378d946e8a60be6b6ede48c878d145546fb42aad61df998c056ec151bf6c746",
                "sha256:d70d2b5baf9b9a20bc9c730015615ae3243ef47fb4a58ad7b31c3e0a59b5ef1f",
                "sha256:dbfdea20e90e9c5476cea80cfd264d8e197c6ef2c58483931db2eefb2f7adc14",
                "sha256:e37763af63a8018308859bc83d9063c501a5820ec5bd4a19f0a2ac0d1c25c061",
                "sha256:e4f16c0019d48941220ac60b893615be2f63afedaba6a0801bdcd041b96991ce",
                "sha256:ed36662fb92ae4cb3cacc682ec6656208f323bbc23d4b08d091eecfc0863d4b5",
                "sha256:f85eb7efa2ec73ef63fc23b8af89c2fe5bf2a4ad985ed2d3ff28c1bb3c317c92",
                "sha256:fb89ea08ff41adf59476b235293679a6eb53a7b9400f6256272fb6029bec3ce5"
            ],
            "index": "pypi",
            "markers": "python_version >= '3.9'",
            "version": "==1.18.1"
        },
        "mypy-extensions": {
            "hashes": [
                "sha256:1be4cccdb0f2482337c4743e60421de3a356cd97508abadd57d47403e94f5505",
                "sha256:52e68efc3284861e772bbcd66823fde5ae21fd2fdb51c62a211403730b916558"
            ],
            "markers": "python_version >= '3.8'",
            "version": "==1.1.0"
        },
        "packaging": {
            "hashes": [
                "sha256:29572ef2b1f17581046b3a2227d5c611fb25ec70ca1ba8554b24b0e69331a484",
                "sha256:d443872c98d677bf60f6a1f2f8c1cb748e8fe762d2bf9d3148b5599295b0fc4f"
            ],
            "markers": "python_version >= '3.8'",
            "version": "==25.0"
        },
        "pathspec": {
            "hashes": [
                "sha256:a0d503e138a4c123b27490a4f7beda6a01c6f288df0e4a8b79c7eb0dc7b4cc08",
                "sha256:a482d51503a1ab33b1c67a6c3813a26953dbdc71c31dacaef9a838c4e29f5712"
            ],
            "markers": "python_version >= '3.8'",
            "version": "==0.12.1"
        },
        "platformdirs": {
            "hashes": [
                "sha256:abd01743f24e5287cd7a5db3752faf1a2d65353f38ec26d98e25a6db65958c85",
                "sha256:ca753cf4d81dc309bc67b0ea38fd15dc97bc30ce419a7f58d13eb3bf14c4febf"
            ],
            "markers": "python_version >= '3.9'",
            "version": "==4.4.0"
        },
        "pluggy": {
            "hashes": [
                "sha256:7dcc130b76258d33b90f61b658791dede3486c3e6bfb003ee5c9bfb396dd22f3",
                "sha256:e920276dd6813095e9377c0bc5566d94c932c33b27a3e3945d8389c374dd4746"
            ],
            "markers": "python_version >= '3.9'",
            "version": "==1.6.0"
        },
        "pygments": {
            "hashes": [
                "sha256:636cb2477cec7f8952536970bc533bc43743542f70392ae026374600add5b887",
                "sha256:86540386c03d588bb81d44bc3928634ff26449851e99741617ecb9037ee5ec0b"
            ],
            "markers": "python_version >= '3.8'",
            "version": "==2.19.2"
        },
        "pylint": {
            "hashes": [
                "sha256:26698de19941363037e2937d3db9ed94fb3303fdadf7d98847875345a8bb6b05",
                "sha256:7ef94aa692a600e82fabdd17102b73fc226758218c97473c7ad67bd4cb905d83"
            ],
            "index": "pypi",
            "markers": "python_full_version >= '3.9.0'",
            "version": "==3.3.8"
        },
        "pytest": {
            "hashes": [
                "sha256:86c0d0b93306b961d58d62a4db4879f27fe25513d4b969df351abdddb3c30e01",
                "sha256:872f880de3fc3a5bdc88a11b39c9710c3497a547cfa9320bc3c5e62fbf272e79"
            ],
            "index": "pypi",
            "markers": "python_version >= '3.9'",
            "version": "==8.4.2"
        },
        "pytest-asyncio": {
            "hashes": [
                "sha256:4f024da9f1ef945e680dc68610b52550e36590a67fd31bb3b4943979a1f90ef3",
                "sha256:d15463d13f4456e1ead2594520216b225a16f781e144f8fdf6c5bb4667c48b3f"
            ],
            "index": "pypi",
            "markers": "python_version >= '3.9'",
            "version": "==1.0.0"
        },
        "pytest-cov": {
            "hashes": [
                "sha256:33c97eda2e049a0c5298e91f519302a1334c26ac65c1a483d6206fd458361af1",
                "sha256:3b8e9558b16cc1479da72058bdecf8073661c7f57f7d3c5f22a1c23507f2d861"
            ],
            "index": "pypi",
            "markers": "python_version >= '3.9'",
            "version": "==7.0.0"
        },
        "tomli": {
            "hashes": [
                "sha256:939de3e7a6161af0c887ef91b7d41a53e7c5a1ca976325f429cb46ea9bc30ecc",
                "sha256:de526c12914f0c550d15924c62d72abc48d6fe7364aa87328337a31007fe8a4f"
            ],
            "markers": "python_version < '3.11'",
            "version": "==2.0.1"
        },
        "tomlkit": {
            "hashes": [
                "sha256:430cf247ee57df2b94ee3fbe588e71d362a941ebb545dec29b53961d61add2a1",
                "sha256:c89c649d79ee40629a9fda55f8ace8c6a1b42deb912b2a8fd8d942ddadb606b0"
            ],
            "markers": "python_version >= '3.8'",
            "version": "==0.13.3"
        },
        "typing-extensions": {
            "hashes": [
                "sha256:0cea48d173cc12fa28ecabc3b837ea3cf6f38c6d1136f85cbaaf598984861466",
                "sha256:f0fa19c6845758ab08074a0cfa8b7aecb71c999ca73d62883bc25cc018c4e548"
            ],
            "markers": "python_version >= '3.9'",
            "version": "==4.15.0"
        }
    }
}
