{
    "_meta": {
        "hash": {
            "sha256": "1f3cb39f0fdfd1e235c28f26842ebdcb4728fd99065001685283009066c7fcec"
        },
        "pipfile-spec": 6,
        "requires": {
            "python_version": "3"
        },
        "sources": [
            {
                "name": "pypi",
                "url": "https://pypi.org/simple",
                "verify_ssl": true
            }
        ]
    },
    "default": {
        "aiomqtt": {
            "hashes": [
                "sha256:721296e2b79df5f6c7c4dfc91700ae0166953a4127735c92637859619dbd84e4",
                "sha256:ab0f18fc5b7ffaa57451c407417d674db837b00a9c7d953cccd02be64f046c17"
            ],
            "markers": "python_version >= '3.8' and python_version < '4.0'",
            "version": "==2.4.0"
        },
        "jeepney": {
            "hashes": [
                "sha256:97e5714520c16fc0a45695e5365a2e11b81ea79bba796e26f9f1d178cb182683",
                "sha256:cf0e9e845622b81e4a28df94c40345400256ec608d0e55bb8a3feaa9163f5732"
            ],
            "markers": "python_version >= '3.7'",
            "version": "==0.9.0"
        },
        "paho-mqtt": {
            "hashes": [
                "sha256:12d6e7511d4137555a3f6ea167ae846af2c7357b10bc6fa4f7c3968fc1723834",
                "sha256:6db9ba9b34ed5bc6b6e3812718c7e06e2fd7444540df2455d2c51bd58808feee"
            ],
            "markers": "python_version >= '3.7'",
            "version": "==2.1.0"
        },
        "systemctl-mqtt": {
            "editable": true,
            "path": "."
        }
    },
    "develop": {
        "astroid": {
            "hashes": [
                "sha256:ac8fb7ca1c08eb9afec91ccc23edbd8ac73bb22cbdd7da1d488d9fb8d6579070",
                "sha256:d7546c00a12efc32650b19a2bb66a153883185d3179ab0d4868086f807338b9b"
            ],
            "markers": "python_full_version >= '3.10.0'",
            "version": "==4.0.2"
        },
        "backports.asyncio.runner": {
            "hashes": [
                "sha256:a5aa7b2b7d8f8bfcaa2b57313f70792df84e32a2a746f585213373f900b42162",
                "sha256:0da0a936a8aeb554eccb426dc55af3ba63bcdc69fa1a600b5bb305413a4477b5"
            ],
            "markers": "python_version < '3.11'",
            "version": "==1.2.0"
        },
        "black": {
            "hashes": [
                "sha256:05dd459a19e218078a1f98178c13f861fe6a9a5f88fc969ca4d9b49eb1809783",
                "sha256:09524b0e6af8ba7a3ffabdfc7a9922fb9adef60fed008c7cd2fc01f3048e6e6f",
                "sha256:0a0953b134f9335c2434864a643c842c44fba562155c738a2a37a4d61f00cad5",
                "sha256:0e509c858adf63aa61d908061b52e580c40eae0dfa72415fa47ac01b12e29baf",
                "sha256:169506ba91ef21e2e0591563deda7f00030cb466e747c4b09cb0a9dae5db2f43",
                "sha256:17dcc893da8d73d8f74a596f64b7c98ef5239c2cd2b053c0f25912c4494bf9ea",
                "sha256:1a2f578ae20c19c50a382286ba78bfbeafdf788579b053d8e4980afb079ab9be",
                "sha256:2355bbb6c3b76062870942d8cc450d4f8ac71f9c93c40122762c8784df49543f",
                "sha256:252678f07f5bac4ff0d0e9b261fbb029fa530cfa206d0a636a34ab445ef8ca9d",
                "sha256:274f940c147ddab4442d316b27f9e332ca586d39c85ecf59ebdea82cc9ee8892",
                "sha256:31f96b7c98c1ddaeb07dc0f56c652e25bdedaac76d5b68a059d998b57c55594a",
                "sha256:48ceb36c16dbc84062740049eef990bb2ce07598272e673c17d1a7720c71c828",
                "sha256:51e267458f7e650afed8445dc7edb3187143003d52a1b710c7321aef22aa9655",
                "sha256:546eecfe9a3a6b46f9d69d8a642585a6eaf348bcbbc4d87a19635570e02d9f4a",
                "sha256:778285d9ea197f34704e3791ea9404cd6d07595745907dd2ce3da7a13627b29b",
                "sha256:8d3dd9cea14bff7ddc0eb243c811cdb1a011ebb4800a5f0335a01a68654796a7",
                "sha256:9678bd991cc793e81d19aeeae57966ee02909877cb65838ccffef24c3ebac08f",
                "sha256:97596189949a8aad13ad12fcbb4ae89330039b96ad6742e6f6b45e75ad5cfd83",
                "sha256:9ec77439ef3e34896995503865a85732c94396edcc739f302c5673a2315e1e7f",
                "sha256:a05ddeb656534c3e27a05a29196c962877c83fa5503db89e68857d1161ad08a5",
                "sha256:a3fa71e3b8dd9f7c6ac4d818345237dfb4175ed3bf37cd5a581dbc4c034f1ec5",
                "sha256:b162653ed89eb942758efeb29d5e333ca5bb90e5130216f8369857db5955a7da",
                "sha256:bc5b1c09fe3c931ddd20ee548511c64ebf964ada7e6f0763d443947fd1c603ce",
                "sha256:c1f68c5eff61f226934be6b5b80296cf6939e5d2f0c2f7d543ea08b204bfaf59",
                "sha256:d0cfa263e85caea2cff57d8f917f9f51adae8e20b610e2b23de35b5b11ce691a",
                "sha256:d3e1b65634b0e471d07ff86ec338819e2ef860689859ef4501ab7ac290431f9b",
                "sha256:f85ba1ad15d446756b4ab5f3044731bf68b777f8f9ac9cdabd2425b97cd9c4e8"
            ],
            "index": "pypi",
            "markers": "python_version >= '3.10'",
            "version": "==25.12.0"
        },
        "click": {
            "hashes": [
                "sha256:12ff4785d337a1bb490bb7e9c2b1ee5da3112e94a8622f26a6c77f5d2fc6842a",
                "sha256:981153a64e25f12d547d3426c367a4857371575ee7ad18df2a6183ab0545b2a6"
            ],
            "markers": "python_version >= '3.10'",
            "version": "==8.3.1"
        },
        "coverage": {
            "extras": [
                "toml"
            ],
            "hashes": [
                "sha256:004cdcea3457c0ea3233622cd3464c1e32ebba9b41578421097402bee6461b63",
                "sha256:0542ddf6107adbd2592f29da9f59f5d9cff7947b5bb4f734805085c327dcffaa",
                "sha256:05fd3fb6edff0c98874d752013588836f458261e5eba587afe4c547bba544afd",
                "sha256:074e6a5cd38e06671580b4d872c1a67955d4e69639e4b04e87fc03b494c1f060",
                "sha256:07bc7745c945a6d95676953e86ba7cebb9f11de7773951c387f4c07dc76d03f5",
                "sha256:08c0bcf932e47795c49f0406054824b9d45671362dfc4269e0bc6e4bff010704",
                "sha256:097acc18bedf2c6e3144eaf09b5f6034926c3c9bb9e10574ffd0942717232507",
                "sha256:0c986537abca9b064510f3fd104ba33e98d3036608c7f2f5537f869bc10e1ee5",
                "sha256:0dba4da36730e384669e05b765a2c49f39514dd3012fcc0398dd66fba8d746d5",
                "sha256:0e920567f8c3a3ce68ae5a42cf7c2dc4bb6cc389f18bff2235dd8c03fa405de5",
                "sha256:0f59387f5e6edbbffec2281affb71cdc85e0776c1745150a3ab9b6c1d016106b",
                "sha256:12d821de7408292530b0d241468b698bce18dd12ecaf45316149f53877885f8c",
                "sha256:13b2066303a1c1833c654d2af0455bb009b6e1727b3883c9964bc5c2f643c1d0",
                "sha256:1410bac9e98afd9623f53876fae7d8a5db9f5a0ac1c9e7c5188463cb4b3212e2",
                "sha256:1451464fd855d9bd000c19b71bb7dafea9ab815741fb0bd9e813d9b671462d6f",
                "sha256:149eccc85d48c8f06547534068c41d69a1a35322deaa4d69ba1561e2e9127e75",
                "sha256:1e33d0bebf895c7a0905fcfaff2b07ab900885fc78bba2a12291a2cfbab014cc",
                "sha256:200bb89fd2a8a07780eafcdff6463104dec459f3c838d980455cfa84f5e5e6e1",
                "sha256:2376e8a9c889016f25472c452389e98bc6e54a19570b107e27cde9d47f387b64",
                "sha256:28c5251b3ab1d23e66f1130ca0c419747edfbcb4690de19467cd616861507af7",
                "sha256:2ec27a7a991d229213c8070d31e3ecf44d005d96a9edc30c78eaeafaa421c001",
                "sha256:305716afb19133762e8cf62745c46c4853ad6f9eeba54a593e373289e24ea237",
                "sha256:31663572f20bf3406d7ac00d6981c7bbbcec302539d26b5ac596ca499664de31",
                "sha256:3224c7baf34e923ffc78cb45e793925539d640d42c96646db62dbd61bbcfa131",
                "sha256:351511ae28e2509c8d8cae5311577ea7dd511ab8e746ffc8814a0896c3d33fbe",
                "sha256:385977d94fc155f8731c895accdfcc3dd0d9dd9ef90d102969df95d3c637ab80",
                "sha256:39764c6167c82d68a2d8c97c33dba45ec0ad9172570860e12191416f4f8e6e1b",
                "sha256:3e33a968672be1394eded257ec10d4acbb9af2ae263ba05a99ff901bb863557e",
                "sha256:4234914b8c67238a3c4af2bba648dc716aa029ca44d01f3d51536d44ac16854f",
                "sha256:426559f105f644b69290ea414e154a0d320c3ad8a2bb75e62884731f69cf8e2c",
                "sha256:465695268414e149bab754c54b0c45c8ceda73dd4a5c3ba255500da13984b16d",
                "sha256:4bec8c7160688bd5a34e65c82984b25409563134d63285d8943d0599efbc448e",
                "sha256:4c5627429f7fbff4f4131cfdd6abd530734ef7761116811a707b88b7e205afd7",
                "sha256:4ca5f876bf41b24378ee67c41d688155f0e54cdc720de8ef9ad6544005899240",
                "sha256:4d4ca49f5ba432b0755ebb0fc3a56be944a19a16bb33802264bbc7311622c0d1",
                "sha256:4ebcddfcdfb4c614233cff6e9a3967a09484114a8b2e4f2c7a62dc83676ba13f",
                "sha256:4f2bb4ee8dd40f9b2a80bb4adb2aecece9480ba1fa60d9382e8c8e0bd558e2eb",
                "sha256:56f909a40d68947ef726ce6a34eb38f0ed241ffbe55c5007c64e616663bcbafc",
                "sha256:5b771b59ac0dfb7f139f70c85b42717ef400a6790abb6475ebac1ecee8de782f",
                "sha256:603c4414125fc9ae9000f17912dcfd3d3eb677d4e360b85206539240c96ea76e",
                "sha256:60ca149a446da255d56c2a7a813b51a80d9497a62250532598d249b3cdb1a926",
                "sha256:68c4eb92997dbaaf839ea13527be463178ac0ddd37a7ac636b8bc11a51af2428",
                "sha256:6bb599052a974bb6cedfa114f9778fedfad66854107cf81397ec87cb9b8fbcf2",
                "sha256:6f033dec603eea88204589175782290a038b436105a8f3637a81c4359df27832",
                "sha256:72c8b494bd20ae1c58528b97c4a67d5cfeafcb3845c73542875ecd43924296de",
                "sha256:77ffb3b7704eb7b9b3298a01fe4509cef70117a52d50bcba29cffc5f53dd326a",
                "sha256:84b892e968164b7a0498ddc5746cdf4e985700b902128421bb5cec1080a6ee36",
                "sha256:86d27d2dd7c7c5a44710565933c7dc9cd70e65ef97142e260d16d555667deef7",
                "sha256:876a3ee7fd2613eb79602e4cdb39deb6b28c186e76124c3f29e580099ec21a87",
                "sha256:8bba7e4743e37484ae17d5c3b8eb1ce78b564cb91b7ace2e2182b25f0f764cb5",
                "sha256:8d16bbe566e16a71d123cd66382c1315fcd520c7573652a8074a8fe281b38c6a",
                "sha256:8d264402fc179776d43e557e1ca4a7d953020d3ee95f7ec19cc2c9d769277f06",
                "sha256:8f067ada2c333609b52835ca4d4868645d3b63ac04fb2b9a658c55bba7f667d3",
                "sha256:8f4cbfff5cf01fa07464439a8510affc9df281535f41a1f5312fbd2b59b4ab5c",
                "sha256:900580bc99c145e2561ea91a2d207e639171870d8a18756eb57db944a017d4bb",
                "sha256:9061a3e3c92b27fd8036dafa26f25d95695b6aa2e4514ab16a254f297e664f83",
                "sha256:90a96fcd824564eae6137ec2563bd061d49a32944858d4bdbae5c00fb10e76ac",
                "sha256:9245bd392572b9f799261c4c9e7216bafc9405537d0f4ce3ad93afe081a12dc9",
                "sha256:9799bd6a910961cb666196b8583ed0ee125fa225c6fdee2cbf00232b861f29d2",
                "sha256:9a1d577c20b4334e5e814c3d5fe07fa4a8c3ae42a601945e8d7940bab811d0bd",
                "sha256:a6b17c2b5e0b9bb7702449200f93e2d04cb04b1414c41424c08aa1e5d352da76",
                "sha256:a730cd0824e8083989f304e97b3f884189efb48e2151e07f57e9e138ab104200",
                "sha256:a8258f10059b5ac837232c589a350a2df4a96406d6d5f2a09ec587cbdd539655",
                "sha256:ab6212e62ea0e1006531a2234e209607f360d98d18d532c2fa8e403c1afbdd71",
                "sha256:abb903ffe46bd319d99979cdba350ae7016759bb69f47882242f7b93f3356055",
                "sha256:abcea3b5f0dc44e1d01c27090bc32ce6ffb7aa665f884f1890710454113ea902",
                "sha256:ac5d5329c9c942bbe6295f4251b135d860ed9f86acd912d418dce186de7c19ac",
                "sha256:adb9b7b42c802bd8cb3927de8c1c26368ce50c8fdaa83a9d8551384d77537044",
                "sha256:ae12fe90b00b71a71b69f513773310782ce01d5f58d2ceb2b7c595ab9d222094",
                "sha256:b5cd111d3ab7390be0c07ad839235d5ad54d2ca497b5f5db86896098a77180a4",
                "sha256:bb9d7efdb063903b3fdf77caec7b77c3066885068bdc0d44bc1b0c171033f944",
                "sha256:c0a3b6e32457535df0d41d2d895da46434706dd85dbaf53fbc0d3bd7d914b362",
                "sha256:c381a252317f63ca0179d2c7918e83b99a4ff3101e1b24849b999a00f9cd4f86",
                "sha256:c713c1c528284d636cd37723b0b4c35c11190da6f932794e145fc40f8210a14a",
                "sha256:c8be5bfcdc7832011b2652db29ed7672ce9d353dd19bce5272ca33dbcf60aaa8",
                "sha256:c8f563b245b4ddb591e99f28e3cd140b85f114b38b7f95b2e42542f0603eb7d7",
                "sha256:ca90ef33a152205fb6f2f0c1f3e55c50df4ef049bb0940ebba666edd4cdebc55",
                "sha256:d60bf4d7f886989ddf80e121a7f4d140d9eac91f1d2385ce8eb6bda93d563297",
                "sha256:d8750dd20362a1b80e3cf84f58013d4672f89663aee457ea59336df50fab6739",
                "sha256:dd9ca2d44ed8018c90efb72f237a2a140325a4c3339971364d758e78b175f58e",
                "sha256:e22539b676fafba17f0a90ac725f029a309eb6e483f364c86dcadee060429d46",
                "sha256:e2a96fdc7643c9517a317553aca13b5cae9bad9a5f32f4654ce247ae4d321405",
                "sha256:e5f4bfac975a2138215a38bda599ef00162e4143541cf7dd186da10a7f8e69f1",
                "sha256:e8feeb5e8705835f0622af0fe7ff8d5cb388948454647086494d6c41ec142c2e",
                "sha256:eb5069074db19a534de3859c43eec78e962d6d119f637c41c8e028c5ab3f59dd",
                "sha256:f0b4101e2b3c6c352ff1f70b3a6fcc7c17c1ab1a91ccb7a33013cb0782af9820",
                "sha256:f761dbcf45e9416ec4698e1a7649248005f0064ce3523a47402d1bff4af2779e",
                "sha256:f9c96a29c6d65bd36a91f5634fef800212dff69dacdb44345c4c9783943ab0df",
                "sha256:fb58da65e3339b3dbe266b607bb936efb983d86b00b03eb04c4ad5b442c58428",
                "sha256:fbffc22d80d86fbe456af9abb17f7a7766e7b2101f7edaacc3535501691563f7",
                "sha256:fdc5255eb4815babcdf236fa1a806ccb546724c8a9b129fd1ea4a5448a0bf07c",
                "sha256:fe3425dc6021f906c6325d3c415e048e7cdb955505a94f1eb774dafc779ba203"
            ],
            "markers": "python_version >= '3.10'",
            "version": "==7.11.3"
        },
        "dill": {
            "hashes": [
                "sha256:0633f1d2df477324f53a895b02c901fb961bdbf65a17122586ea7019292cbcf0",
                "sha256:44f54bf6412c2c8464c14e8243eb163690a9800dbe2c367330883b19c7561049"
            ],
            "markers": "python_version >= '3.8'",
            "version": "==0.4.0"
        },
        "exceptiongroup": {
            "hashes": [
                "sha256:097acd85d473d75af5bb98e41b61ff7fe35efe6675e4f9370ec6ec5126d160e9",
                "sha256:343280667a4585d195ca1cf9cef84a4e178c4b6cf2274caef9859782b567d5e3"
            ],
            "index": "pypi",
            "markers": "python_version < '3.11'",
            "version": "==1.1.3"
        },
        "iniconfig": {
            "hashes": [
                "sha256:c76315c77db068650d49c5b56314774a7804df16fee4402c1f19d6d15d8c4730",
                "sha256:f631c04d2c48c52b84d0d0549c99ff3859c98df65b3101406327ecc7d53fbf12"
            ],
            "markers": "python_version >= '3.10'",
            "version": "==2.3.0"
        },
        "isort": {
            "hashes": [
                "sha256:1bcabac8bc3c36c7fb7b98a76c8abb18e0f841a3ba81decac7691008592499c1",
                "sha256:5513527951aadb3ac4292a41a16cbc50dd1642432f5e8c20057d414bdafb4187"
            ],
            "markers": "python_full_version >= '3.10.0'",
            "version": "==7.0.0"
        },
        "librt": {
            "hashes": [
                "sha256:022cc673e69283a42621dd453e2407cf1647e77f8bd857d7ad7499901e62376f",
                "sha256:02a69369862099e37d00765583052a99d6a68af7e19b887e1b78fee0146b755a",
                "sha256:037f5cb6fe5abe23f1dc058054d50e9699fcc90d0677eee4e4f74a8677636a1a",
                "sha256:064a286e6ab0b4c900e228ab4fa9cb3811b4b83d3e0cc5cd816b2d0f548cb61c",
                "sha256:078ae52ffb3f036396cc4aed558e5b61faedd504a3c1f62b8ae34bf95ae39d94",
                "sha256:07c4d7c9305e75a0edd3427b79c7bd1d019cd7eddaa7c89dbb10e0c7946bffbb",
                "sha256:0e8f864b521f6cfedb314d171630f827efee08f5c3462bcbc2244ab8e1768cd6",
                "sha256:0f8cac84196d0ffcadf8469d9ded4d4e3a8b1c666095c2a291e22bf58e1e8a9f",
                "sha256:0fd766bb9ace3498f6b93d32f30c0e7c8ce6b727fecbc84d28160e217bb66254",
                "sha256:114722f35093da080a333b3834fff04ef43147577ed99dd4db574b03a5f7d170",
                "sha256:1437c3f72a30c7047f16fd3e972ea58b90172c3c6ca309645c1c68984f05526a",
                "sha256:188b4b1a770f7f95ea035d5bbb9d7367248fc9d12321deef78a269ebf46a5729",
                "sha256:1b668b1c840183e4e38ed5a99f62fac44c3a3eef16870f7f17cfdfb8b47550ed",
                "sha256:1c4c89fb01157dd0a3bfe9e75cd6253b0a1678922befcd664eca0772a4c6c979",
                "sha256:1ef704e01cb6ad39ad7af668d51677557ca7e5d377663286f0ee1b6b27c28e5f",
                "sha256:21ea710e96c1e050635700695095962a22ea420d4b3755a25e4909f2172b4ff2",
                "sha256:25cc40d8eb63f0a7ea4c8f49f524989b9df901969cb860a2bc0e4bad4b8cb8a8",
                "sha256:2857c875f1edd1feef3c371fbf830a61b632fb4d1e57160bb1e6a3206e6abe67",
                "sha256:28f990e6821204f516d09dc39966ef8b84556ffd648d5926c9a3f681e8de8906",
                "sha256:2b3ca211ae8ea540569e9c513da052699b7b06928dcda61247cb4f318122bdb5",
                "sha256:2e734c2c54423c6dcc77f58a8585ba83b9f72e422f9edf09cab1096d4a4bdc82",
                "sha256:3485b9bb7dfa66167d5500ffdafdc35415b45f0da06c75eb7df131f3357b174a",
                "sha256:3749ef74c170809e6dee68addec9d2458700a8de703de081c888e92a8b015cf9",
                "sha256:3871af56c59864d5fd21d1ac001eb2fb3b140d52ba0454720f2e4a19812404ba",
                "sha256:39003fc73f925e684f8521b2dbf34f61a5deb8a20a15dcf53e0d823190ce8848",
                "sha256:3ca1caedf8331d8ad6027f93b52d68ed8f8009f5c420c246a46fe9d3be06be0f",
                "sha256:419eea245e7ec0fe664eb7e85e7ff97dcdb2513ca4f6b45a8ec4a3346904f95a",
                "sha256:42da201c47c77b6cc91fc17e0e2b330154428d35d6024f3278aa2683e7e2daf2",
                "sha256:43a2515a33f2bc17b15f7fb49ff6426e49cb1d5b2539bc7f8126b9c5c7f37164",
                "sha256:4450c354b89dbb266730893862dbff06006c9ed5b06b6016d529b2bf644fc681",
                "sha256:4df7c9def4fc619a9c2ab402d73a0c5b53899abe090e0100323b13ccb5a3dd82",
                "sha256:4f1ee004942eaaed6e06c087d93ebc1c67e9a293e5f6b9b5da558df6bf23dc5d",
                "sha256:52e34c6af84e12921748c8354aa6acf1912ca98ba60cdaa6920e34793f1a0788",
                "sha256:543c42fa242faae0466fe72d297976f3c710a357a219b1efde3a0539a68a6997",
                "sha256:5a72b905420c4bb2c10c87b5c09fe6faf4a76d64730e3802feef255e43dfbf5a",
                "sha256:618b7459bb392bdf373f2327e477597fff8f9e6a1878fffc1b711c013d1b0da4",
                "sha256:6bb15ee29d95875ad697d449fe6071b67f730f15a6961913a2b0205015ca0843",
                "sha256:6fc4aa67fedd827a601f97f0e61cc72711d0a9165f2c518e9a7c38fc1568b9ad",
                "sha256:70969229cb23d9c1a80e14225838d56e464dc71fa34c8342c954fc50e7516dee",
                "sha256:71a56f4671f7ff723451f26a6131754d7c1809e04e22ebfbac1db8c9e6767a20",
                "sha256:721a7b125a817d60bf4924e1eec2a7867bfcf64cfc333045de1df7a0629e4481",
                "sha256:76b2ba71265c0102d11458879b4d53ccd0b32b0164d14deb8d2b598a018e502f",
                "sha256:772e18696cf5a64afee908662fbcb1f907460ddc851336ee3a848ef7684c8e1e",
                "sha256:7766b57aeebaf3f1dac14fdd4a75c9a61f2ed56d8ebeefe4189db1cb9d2a3783",
                "sha256:776dbb9bfa0fc5ce64234b446995d8d9f04badf64f544ca036bd6cff6f0732ce",
                "sha256:77772a4b8b5f77d47d883846928c36d730b6e612a6388c74cba33ad9eb149c11",
                "sha256:7dd3b5c37e0fb6666c27cf4e2c88ae43da904f2155c4cfc1e5a2fdce3b9fcf92",
                "sha256:7e4b5ffa1614ad4f32237d739699be444be28de95071bfa4e66a8da9fa777798",
                "sha256:8a461f6456981d8c8e971ff5a55f2e34f4e60871e665d2f5fde23ee74dea4eeb",
                "sha256:95cb80854a355b284c55f79674f6187cc9574df4dc362524e0cce98c89ee8331",
                "sha256:a34ae11315d4e26326aaf04e21ccd8d9b7de983635fba38d73e203a9c8e3fe3d",
                "sha256:a4f7339d9e445280f23d63dea842c0c77379c4a47471c538fc8feedab9d8d063",
                "sha256:a5deebb53d7a4d7e2e758a96befcd8edaaca0633ae71857995a0f16033289e44",
                "sha256:a9c5de1928c486201b23ed0cc4ac92e6e07be5cd7f3abc57c88a9cf4f0f32108",
                "sha256:adefe0d48ad35b90b6f361f6ff5a1bd95af80c17d18619c093c60a20e7a5b60c",
                "sha256:b35c63f557653c05b5b1b6559a074dbabe0afee28ee2a05b6c9ba21ad0d16a74",
                "sha256:b370a77be0a16e1ad0270822c12c21462dc40496e891d3b0caf1617c8cc57e20",
                "sha256:b4c25312c7f4e6ab35ab16211bdf819e6e4eddcba3b2ea632fb51c9a2a97e105",
                "sha256:b719c8730c02a606dc0e8413287e8e94ac2d32a51153b300baf1f62347858fba",
                "sha256:bc4aebecc79781a1b77d7d4e7d9fe080385a439e198d993b557b60f9117addaf",
                "sha256:c2a6f1236151e6fe1da289351b5b5bce49651c91554ecc7b70a947bced6fe212",
                "sha256:c66c2b245926ec15188aead25d395091cb5c9df008d3b3207268cd65557d6286",
                "sha256:c96cb76f055b33308f6858b9b594618f1b46e147a4d03a4d7f0c449e304b9b95",
                "sha256:c9cab4b3de1f55e6c30a84c8cee20e4d3b2476f4d547256694a1b0163da4fe32",
                "sha256:ce1b44091355b68cffd16e2abac07c1cafa953fa935852d3a4dd8975044ca3bf",
                "sha256:ce58420e25097b2fc201aef9b9f6d65df1eb8438e51154e1a7feb8847e4a55ab",
                "sha256:d05acd46b9a52087bfc50c59dfdf96a2c480a601e8898a44821c7fd676598f74",
                "sha256:d31acb5886c16ae1711741f22504195af46edec8315fe69b77e477682a87a83e",
                "sha256:d44a1b1ba44cbd2fc3cb77992bef6d6fdb1028849824e1dd5e4d746e1f7f7f0b",
                "sha256:d854c6dc0f689bad7ed452d2a3ecff58029d80612d336a45b62c35e917f42d23",
                "sha256:dc300cb5a5a01947b1ee8099233156fdccd5001739e5f596ecfbc0dab07b5a3b",
                "sha256:e710c983d29d9cc4da29113b323647db286eaf384746344f4a233708cca1a82c",
                "sha256:ec72342cc4d62f38b25a94e28b9efefce41839aecdecf5e9627473ed04b7be16",
                "sha256:ee8d3323d921e0f6919918a97f9b5445a7dfe647270b2629ec1008aa676c0bc0",
                "sha256:f79bc3595b6ed159a1bf0cdc70ed6ebec393a874565cab7088a219cca14da727",
                "sha256:f7fa8beef580091c02b4fd26542de046b2abfe0aaefa02e8bcf68acb7618f2b3"
            ],
            "markers": "python_version >= '3.9'",
            "version": "==0.7.4"
        },
        "mccabe": {
            "hashes": [
                "sha256:348e0240c33b60bbdf4e523192ef919f28cb2c3d7d5c7794f74009290f236325",
                "sha256:6c2d30ab6be0e4a46919781807b4f0d834ebdd6c6e3dca0bda5a15f863427b6e"
            ],
            "markers": "python_version >= '3.6'",
            "version": "==0.7.0"
        },
        "mypy": {
            "hashes": [
                "sha256:016f2246209095e8eda7538944daa1d60e1e8134d98983b9fc1e92c1fc0cb8dd",
                "sha256:022ea7279374af1a5d78dfcab853fe6a536eebfda4b59deab53cd21f6cd9f00b",
                "sha256:06e6170bd5836770e8104c8fdd58e5e725cfeb309f0a6c681a811f557e97eac1",
                "sha256:19d88bb05303fe63f71dd2c6270daca27cb9401c4ca8255fe50d1d920e0eb9ba",
                "sha256:21761006a7f497cb0d4de3d8ef4ca70532256688b0523eee02baf9eec895e27b",
                "sha256:28902ee51f12e0f19e1e16fbe2f8f06b6637f482c459dd393efddd0ec7f82045",
                "sha256:2899753e2f61e571b3971747e302d5f420c3fd09650e1951e99f823bc3089dac",
                "sha256:2abb24cf3f17864770d18d673c85235ba52456b36a06b6afc1e07c1fdcd3d0e6",
                "sha256:34c81968774648ab5ac09c29a375fdede03ba253f8f8287847bd480782f73a6a",
                "sha256:409088884802d511ee52ca067707b90c883426bd95514e8cfda8281dc2effe24",
                "sha256:481daf36a4c443332e2ae9c137dfee878fcea781a2e3f895d54bd3002a900957",
                "sha256:4b84a7a18f41e167f7995200a1d07a4a6810e89d29859df936f1c3923d263042",
                "sha256:4f28f99c824ecebcdaa2e55d82953e38ff60ee5ec938476796636b86afa3956e",
                "sha256:5f05aa3d375b385734388e844bc01733bd33c644ab48e9684faa54e5389775ec",
                "sha256:7bcfc336a03a1aaa26dfce9fff3e287a3ba99872a157561cbfcebe67c13308e3",
                "sha256:804bd67b8054a85447c8954215a906d6eff9cabeabe493fb6334b24f4bfff718",
                "sha256:8bb5c6f6d043655e055be9b542aa5f3bdd30e4f3589163e85f93f3640060509f",
                "sha256:a009ffa5a621762d0c926a078c2d639104becab69e79538a494bcccb62cc0331",
                "sha256:a8174a03289288c1f6c46d55cef02379b478bfbc8e358e02047487cad44c6ca1",
                "sha256:ab43590f9cd5108f41aacf9fca31841142c786827a74ab7cc8a2eacb634e09a1",
                "sha256:b10e7c2cd7870ba4ad9b2d8a6102eb5ffc1f16ca35e3de6bfa390c1113029d13",
                "sha256:b13cfdd6c87fc3efb69ea4ec18ef79c74c3f98b4e5498ca9b85ab3b2c2329a67",
                "sha256:b64d987153888790bcdb03a6473d321820597ab8dd9243b27a92153c4fa50fd2",
                "sha256:b7951a701c07ea584c4fe327834b92a30825514c868b1f69c30445093fdd9d5a",
                "sha256:bdb12f69bcc02700c2b47e070238f42cb87f18c0bc1fc4cdb4fb2bc5fd7a3b8b",
                "sha256:c35d298c2c4bba75feb2195655dfea8124d855dfd7343bf8b8c055421eaf0cf8",
                "sha256:c608937067d2fc5a4dd1a5ce92fd9e1398691b8c5d012d66e1ddd430e9244376",
                "sha256:c9a6538e0415310aad77cb94004ca6482330fece18036b5f360b62c45814c4ef",
                "sha256:d8dfc6ab58ca7dda47d9237349157500468e404b17213d44fc1cb77bce532288",
                "sha256:da4869fc5e7f62a88f3fe0b5c919d1d9f7ea3cef92d3689de2823fd27e40aa75",
                "sha256:de759aafbae8763283b2ee5869c7255391fbc4de3ff171f8f030b5ec48381b74",
                "sha256:e3157c7594ff2ef1634ee058aafc56a82db665c9438fd41b390f3bde1ab12250",
                "sha256:e3f276d8493c3c97930e354b2595a44a21348b320d859fb4a2b9f66da9ed27ab",
                "sha256:ee4c11e460685c3e0c64a4c5de82ae143622410950d6be863303a1c4ba0e36d6",
                "sha256:f1235f5ea01b7db5468d53ece6aaddf1ad0b88d9e7462b86ef96fe04995d7247",
                "sha256:f7cee03c9a2e2ee26ec07479f38ea9c884e301d42c6d43a19d20fb014e3ba925",
                "sha256:f859fb09d9583a985be9a493d5cfc5515b56b08f7447759a0c5deaf68d80506e",
                "sha256:ffcebe56eb09ff0c0885e750036a095e23793ba6c2e894e7e63f6d89ad51f22e"
            ],
            "index": "pypi",
            "markers": "python_version >= '3.9'",
            "version": "==1.19.1"
        },
        "mypy-extensions": {
            "hashes": [
                "sha256:1be4cccdb0f2482337c4743e60421de3a356cd97508abadd57d47403e94f5505",
                "sha256:52e68efc3284861e772bbcd66823fde5ae21fd2fdb51c62a211403730b916558"
            ],
            "markers": "python_version >= '3.8'",
            "version": "==1.1.0"
        },
        "packaging": {
            "hashes": [
                "sha256:29572ef2b1f17581046b3a2227d5c611fb25ec70ca1ba8554b24b0e69331a484",
                "sha256:d443872c98d677bf60f6a1f2f8c1cb748e8fe762d2bf9d3148b5599295b0fc4f"
            ],
            "markers": "python_version >= '3.8'",
            "version": "==25.0"
        },
        "pathspec": {
            "hashes": [
                "sha256:a0d503e138a4c123b27490a4f7beda6a01c6f288df0e4a8b79c7eb0dc7b4cc08",
                "sha256:a482d51503a1ab33b1c67a6c3813a26953dbdc71c31dacaef9a838c4e29f5712"
            ],
            "markers": "python_version >= '3.8'",
            "version": "==0.12.1"
        },
        "platformdirs": {
            "hashes": [
                "sha256:61d5cdcc6065745cdd94f0f878977f8de9437be93de97c1c12f853c9c0cdcbda",
                "sha256:d03afa3963c806a9bed9d5125c8f4cb2fdaf74a55ab60e5d59b3fde758104d31"
            ],
            "markers": "python_version >= '3.10'",
            "version": "==4.5.1"
        },
        "pluggy": {
            "hashes": [
                "sha256:7dcc130b76258d33b90f61b658791dede3486c3e6bfb003ee5c9bfb396dd22f3",
                "sha256:e920276dd6813095e9377c0bc5566d94c932c33b27a3e3945d8389c374dd4746"
            ],
            "markers": "python_version >= '3.9'",
            "version": "==1.6.0"
        },
        "pygments": {
            "hashes": [
                "sha256:636cb2477cec7f8952536970bc533bc43743542f70392ae026374600add5b887",
                "sha256:86540386c03d588bb81d44bc3928634ff26449851e99741617ecb9037ee5ec0b"
            ],
            "markers": "python_version >= '3.8'",
            "version": "==2.19.2"
        },
        "pylint": {
            "hashes": [
                "sha256:63e06a37d5922555ee2c20963eb42559918c20bd2b21244e4ef426e7c43b92e0",
                "sha256:d9b71674e19b1c36d79265b5887bf8e55278cbe236c9e95d22dc82cf044fdbd2"
            ],
            "index": "pypi",
            "markers": "python_full_version >= '3.10.0'",
            "version": "==4.0.4"
        },
        "pytest": {
            "hashes": [
                "sha256:711ffd45bf766d5264d487b917733b453d917afd2b0ad65223959f59089f875b",
                "sha256:75186651a92bd89611d1d9fc20f0b4345fd827c41ccd5c299a868a05d70edf11"
            ],
            "index": "pypi",
            "markers": "python_version >= '3.10'",
            "version": "==9.0.2"
        },
        "pytest-asyncio": {
            "hashes": [
                "sha256:611e26147c7f77640e6d0a92a38ed17c3e9848063698d5c93d5aa7aa11cebff5",
                "sha256:d7f52f36d231b80ee124cd216ffb19369aa168fc10095013c6b014a34d3ee9e5"
            ],
            "index": "pypi",
            "markers": "python_version >= '3.10'",
            "version": "==1.3.0"
        },
        "pytest-cov": {
            "hashes": [
                "sha256:33c97eda2e049a0c5298e91f519302a1334c26ac65c1a483d6206fd458361af1",
                "sha256:3b8e9558b16cc1479da72058bdecf8073661c7f57f7d3c5f22a1c23507f2d861"
            ],
            "index": "pypi",
            "markers": "python_version >= '3.9'",
            "version": "==7.0.0"
        },
        "pytokens": {
            "hashes": [
                "sha256:2f932b14ed08de5fcf0b391ace2642f858f1394c0857202959000b68ed7a458a",
                "sha256:95b2b5eaf832e469d141a378872480ede3f251a5a5041b8ec6e581d3ac71bbf3"
            ],
            "markers": "python_version >= '3.8'",
            "version": "==0.3.0"
        },
        "tomli": {
            "hashes": [
                "sha256:939de3e7a6161af0c887ef91b7d41a53e7c5a1ca976325f429cb46ea9bc30ecc",
                "sha256:de526c12914f0c550d15924c62d72abc48d6fe7364aa87328337a31007fe8a4f"
            ],
            "markers": "python_version < '3.11'",
            "version": "==2.0.1"
        },
        "tomlkit": {
            "hashes": [
                "sha256:430cf247ee57df2b94ee3fbe588e71d362a941ebb545dec29b53961d61add2a1",
                "sha256:c89c649d79ee40629a9fda55f8ace8c6a1b42deb912b2a8fd8d942ddadb606b0"
            ],
            "markers": "python_version >= '3.8'",
            "version": "==0.13.3"
        },
        "typing-extensions": {
            "hashes": [
                "sha256:0cea48d173cc12fa28ecabc3b837ea3cf6f38c6d1136f85cbaaf598984861466",
                "sha256:f0fa19c6845758ab08074a0cfa8b7aecb71c999ca73d62883bc25cc018c4e548"
            ],
            "markers": "python_version >= '3.9'",
            "version": "==4.15.0"
        }
    }
}
