{
    "_meta": {
        "hash": {
            "sha256": "915d7f16e1258ec66edd3c4f4fd972f563e23fc0e9f8f56eabd41bcb76c56821"
        },
        "pipfile-spec": 6,
        "requires": {
            "python_version": "3"
        },
        "sources": [
            {
                "name": "pypi",
                "url": "https://pypi.org/simple",
                "verify_ssl": true
            }
        ]
    },
    "default": {
        "aiomqtt": {
            "hashes": [
                "sha256:127926717bd6b012d1630f9087f24552eb9c4af58205bc2964f09d6e304f7e63",
                "sha256:312feebe20bc76dc7c20916663011f3bd37aa6f42f9f687a19a1c58308d80d47"
            ],
            "markers": "python_version >= '3.8' and python_version < '4.0'",
            "version": "==2.3.0"
        },
        "jeepney": {
            "hashes": [
                "sha256:5efe48d255973902f6badc3ce55e2aa6c5c3b3bc642059ef3a91247bcfcc5806",
                "sha256:c0a454ad016ca575060802ee4d590dd912e35c122fa04e70306de3d076cce755"
            ],
            "markers": "python_version >= '3.7'",
            "version": "==0.8.0"
        },
        "paho-mqtt": {
            "hashes": [
                "sha256:12d6e7511d4137555a3f6ea167ae846af2c7357b10bc6fa4f7c3968fc1723834",
                "sha256:6db9ba9b34ed5bc6b6e3812718c7e06e2fd7444540df2455d2c51bd58808feee"
            ],
            "markers": "python_version >= '3.7'",
            "version": "==2.1.0"
        },
        "systemctl-mqtt": {
            "editable": true,
            "path": "."
        }
    },
    "develop": {
        "astroid": {
            "hashes": [
                "sha256:622cc8e3048684aa42c820d9d218978021c3c3d174fb03a9f0d615921744f550",
                "sha256:d05bfd0acba96a7bd43e222828b7d9bc1e138aaeb0649707908d3702a9831248"
            ],
            "markers": "python_full_version >= '3.9.0'",
            "version": "==3.3.9"
        },
        "black": {
            "hashes": [
                "sha256:030b9759066a4ee5e5aca28c3c77f9c64789cdd4de8ac1df642c40b708be6171",
                "sha256:055e59b198df7ac0b7efca5ad7ff2516bca343276c466be72eb04a3bcc1f82d7",
                "sha256:0e519ecf93120f34243e6b0054db49c00a35f84f195d5bce7e9f5cfc578fc2da",
                "sha256:172b1dbff09f86ce6f4eb8edf9dede08b1fce58ba194c87d7a4f1a5aa2f5b3c2",
                "sha256:1e2978f6df243b155ef5fa7e558a43037c3079093ed5d10fd84c43900f2d8ecc",
                "sha256:33496d5cd1222ad73391352b4ae8da15253c5de89b93a80b3e2c8d9a19ec2666",
                "sha256:3b48735872ec535027d979e8dcb20bf4f70b5ac75a8ea99f127c106a7d7aba9f",
                "sha256:4b60580e829091e6f9238c848ea6750efed72140b91b048770b64e74fe04908b",
                "sha256:759e7ec1e050a15f89b770cefbf91ebee8917aac5c20483bc2d80a6c3a04df32",
                "sha256:8f0b18a02996a836cc9c9c78e5babec10930862827b1b724ddfe98ccf2f2fe4f",
                "sha256:95e8176dae143ba9097f351d174fdaf0ccd29efb414b362ae3fd72bf0f710717",
                "sha256:96c1c7cd856bba8e20094e36e0f948718dc688dba4a9d78c3adde52b9e6c2299",
                "sha256:a1ee0a0c330f7b5130ce0caed9936a904793576ef4d2b98c40835d6a65afa6a0",
                "sha256:a22f402b410566e2d1c950708c77ebf5ebd5d0d88a6a2e87c86d9fb48afa0d18",
                "sha256:a39337598244de4bae26475f77dda852ea00a93bd4c728e09eacd827ec929df0",
                "sha256:afebb7098bfbc70037a053b91ae8437c3857482d3a690fefc03e9ff7aa9a5fd3",
                "sha256:bacabb307dca5ebaf9c118d2d2f6903da0d62c9faa82bd21a33eecc319559355",
                "sha256:bce2e264d59c91e52d8000d507eb20a9aca4a778731a08cfff7e5ac4a4bb7096",
                "sha256:d9e6827d563a2c820772b32ce8a42828dc6790f095f441beef18f96aa6f8294e",
                "sha256:db8ea9917d6f8fc62abd90d944920d95e73c83a5ee3383493e35d271aca872e9",
                "sha256:ea0213189960bda9cf99be5b8c8ce66bb054af5e9e861249cd23471bd7b0b3ba",
                "sha256:f3df5f1bf91d36002b0a75389ca8663510cf0531cca8aa5c1ef695b46d98655f"
            ],
            "index": "pypi",
            "markers": "python_version >= '3.9'",
            "version": "==25.1.0"
        },
        "click": {
            "hashes": [
                "sha256:63c132bbbed01578a06712a2d1f497bb62d9c1c0d329b7903a866228027263b2",
                "sha256:ed53c9d8990d83c2a27deae68e4ee337473f6330c040a31d4225c9574d16096a"
            ],
            "markers": "python_version >= '3.7'",
            "version": "==8.1.8"
        },
        "coverage": {
            "extras": [
                "toml"
            ],
            "hashes": [
                "sha256:05fca8ba6a87aabdd2d30d0b6c838b50510b56cdcfc604d40760dae7153b73d9",
                "sha256:0aa9692b4fdd83a4647eeb7db46410ea1322b5ed94cd1715ef09d1d5922ba87f",
                "sha256:0c807ca74d5a5e64427c8805de15b9ca140bba13572d6d74e262f46f50b13273",
                "sha256:0d7a2bf79378d8fb8afaa994f91bfd8215134f8631d27eba3e0e2c13546ce994",
                "sha256:0f460286cb94036455e703c66988851d970fdfd8acc2a1122ab7f4f904e4029e",
                "sha256:204a8238afe787323a8b47d8be4df89772d5c1e4651b9ffa808552bdf20e1d50",
                "sha256:2396e8116db77789f819d2bc8a7e200232b7a282c66e0ae2d2cd84581a89757e",
                "sha256:254f1a3b1eef5f7ed23ef265eaa89c65c8c5b6b257327c149db1ca9d4a35f25e",
                "sha256:26bcf5c4df41cad1b19c84af71c22cbc9ea9a547fc973f1f2cc9a290002c8b3c",
                "sha256:27c6e64726b307782fa5cbe531e7647aee385a29b2107cd87ba7c0105a5d3853",
                "sha256:299e91b274c5c9cdb64cbdf1b3e4a8fe538a7a86acdd08fae52301b28ba297f8",
                "sha256:2bcfa46d7709b5a7ffe089075799b902020b62e7ee56ebaed2f4bdac04c508d8",
                "sha256:2ccf240eb719789cedbb9fd1338055de2761088202a9a0b73032857e53f612fe",
                "sha256:32ee6d8491fcfc82652a37109f69dee9a830e9379166cb73c16d8dc5c2915165",
                "sha256:3f7b444c42bbc533aaae6b5a2166fd1a797cdb5eb58ee51a92bee1eb94a1e1cb",
                "sha256:457574f4599d2b00f7f637a0700a6422243b3565509457b2dbd3f50703e11f59",
                "sha256:489a01f94aa581dbd961f306e37d75d4ba16104bbfa2b0edb21d29b73be83609",
                "sha256:4bcc276261505d82f0ad426870c3b12cb177752834a633e737ec5ee79bbdff18",
                "sha256:4e0de1e902669dccbf80b0415fb6b43d27edca2fbd48c74da378923b05316098",
                "sha256:4e4630c26b6084c9b3cb53b15bd488f30ceb50b73c35c5ad7871b869cb7365fd",
                "sha256:4eea95ef275de7abaef630c9b2c002ffbc01918b726a39f5a4353916ec72d2f3",
                "sha256:507a20fc863cae1d5720797761b42d2d87a04b3e5aeb682ef3b7332e90598f43",
                "sha256:54a5f0f43950a36312155dae55c505a76cd7f2b12d26abeebbe7a0b36dbc868d",
                "sha256:55b201b97286cf61f5e76063f9e2a1d8d2972fc2fcfd2c1272530172fd28c359",
                "sha256:59af35558ba08b758aec4d56182b222976330ef8d2feacbb93964f576a7e7a90",
                "sha256:5c912978f7fbf47ef99cec50c4401340436d200d41d714c7a4766f377c5b7b78",
                "sha256:656c82b8a0ead8bba147de9a89bda95064874c91a3ed43a00e687f23cc19d53a",
                "sha256:6713ba4b4ebc330f3def51df1d5d38fad60b66720948112f114968feb52d3f99",
                "sha256:675cefc4c06e3b4c876b85bfb7c59c5e2218167bbd4da5075cbe3b5790a28988",
                "sha256:6f93531882a5f68c28090f901b1d135de61b56331bba82028489bc51bdd818d2",
                "sha256:714f942b9c15c3a7a5fe6876ce30af831c2ad4ce902410b7466b662358c852c0",
                "sha256:79109c70cc0882e4d2d002fe69a24aa504dec0cc17169b3c7f41a1d341a73694",
                "sha256:7bbd8c8f1b115b892e34ba66a097b915d3871db7ce0e6b9901f462ff3a975377",
                "sha256:7ed2f37cfce1ce101e6dffdfd1c99e729dd2ffc291d02d3e2d0af8b53d13840d",
                "sha256:7fb105327c8f8f0682e29843e2ff96af9dcbe5bab8eeb4b398c6a33a16d80a23",
                "sha256:89d76815a26197c858f53c7f6a656686ec392b25991f9e409bcef020cd532312",
                "sha256:9a7cfb50515f87f7ed30bc882f68812fd98bc2852957df69f3003d22a2aa0abf",
                "sha256:9e1747bab246d6ff2c4f28b4d186b205adced9f7bd9dc362051cc37c4a0c7bd6",
                "sha256:9e80eba8801c386f72e0712a0453431259c45c3249f0009aff537a517b52942b",
                "sha256:a01ec4af7dfeb96ff0078ad9a48810bb0cc8abcb0115180c6013a6b26237626c",
                "sha256:a372c89c939d57abe09e08c0578c1d212e7a678135d53aa16eec4430adc5e690",
                "sha256:a3b204c11e2b2d883946fe1d97f89403aa1811df28ce0447439178cc7463448a",
                "sha256:a534738b47b0de1995f85f582d983d94031dffb48ab86c95bdf88dc62212142f",
                "sha256:a5e37dc41d57ceba70956fa2fc5b63c26dba863c946ace9705f8eca99daecdc4",
                "sha256:aa744da1820678b475e4ba3dfd994c321c5b13381d1041fe9c608620e6676e25",
                "sha256:ab32947f481f7e8c763fa2c92fd9f44eeb143e7610c4ca9ecd6a36adab4081bd",
                "sha256:abb02e2f5a3187b2ac4cd46b8ced85a0858230b577ccb2c62c81482ca7d18852",
                "sha256:b330368cb99ef72fcd2dc3ed260adf67b31499584dc8a20225e85bfe6f6cfed0",
                "sha256:bc67deb76bc3717f22e765ab3e07ee9c7a5e26b9019ca19a3b063d9f4b874244",
                "sha256:c0b1818063dc9e9d838c09e3a473c1422f517889436dd980f5d721899e66f315",
                "sha256:c56e097019e72c373bae32d946ecf9858fda841e48d82df7e81c63ac25554078",
                "sha256:c7827a5bc7bdb197b9e066cdf650b2887597ad124dd99777332776f7b7c7d0d0",
                "sha256:ccc2b70a7ed475c68ceb548bf69cec1e27305c1c2606a5eb7c3afff56a1b3b27",
                "sha256:d37a84878285b903c0fe21ac8794c6dab58150e9359f1aaebbeddd6412d53132",
                "sha256:e2f0280519e42b0a17550072861e0bc8a80a0870de260f9796157d3fca2733c5",
                "sha256:e4ae5ac5e0d1e4edfc9b4b57b4cbecd5bc266a6915c500f358817a8496739247",
                "sha256:e67926f51821b8e9deb6426ff3164870976fe414d033ad90ea75e7ed0c2e5022",
                "sha256:e78b270eadb5702938c3dbe9367f878249b5ef9a2fcc5360ac7bff694310d17b",
                "sha256:ea3c8f04b3e4af80e17bab607c386a830ffc2fb88a5484e1df756478cf70d1d3",
                "sha256:ec22b5e7fe7a0fa8509181c4aac1db48f3dd4d3a566131b313d1efc102892c18",
                "sha256:f4f620668dbc6f5e909a0946a877310fb3d57aea8198bde792aae369ee1c23b5",
                "sha256:fd34e7b3405f0cc7ab03d54a334c17a9e802897580d964bd8c2001f4b9fd488f"
            ],
            "markers": "python_version >= '3.9'",
            "version": "==7.6.10"
        },
        "dill": {
            "hashes": [
                "sha256:468dff3b89520b474c0397703366b7b95eebe6303f108adf9b19da1f702be87a",
                "sha256:81aa267dddf68cbfe8029c42ca9ec6a4ab3b22371d1c450abc54422577b4512c"
            ],
            "markers": "python_version >= '0' and python_version >= '0'",
            "version": "==0.3.9"
        },
        "exceptiongroup": {
            "hashes": [
                "sha256:097acd85d473d75af5bb98e41b61ff7fe35efe6675e4f9370ec6ec5126d160e9",
                "sha256:343280667a4585d195ca1cf9cef84a4e178c4b6cf2274caef9859782b567d5e3"
            ],
            "index": "pypi",
            "markers": "python_version < '3.11'",
            "version": "==1.1.3"
        },
        "iniconfig": {
            "hashes": [
                "sha256:2d91e135bf72d31a410b17c16da610a82cb55f6b0477d1a902134b24a455b8b3",
                "sha256:b6a85871a79d2e3b22d2d1b94ac2824226a63c6b741c88f7ae975f18b6778374"
            ],
            "markers": "python_version >= '3.7'",
            "version": "==2.0.0"
        },
        "isort": {
            "hashes": [
                "sha256:1cb5df28dfbc742e490c5e41bad6da41b805b0a8be7bc93cd0fb2a8a890ac450",
                "sha256:2dc5d7f65c9678d94c88dfc29161a320eec67328bc97aad576874cb4be1e9615"
            ],
            "markers": "python_full_version >= '3.9.0'",
            "version": "==6.0.1"
        },
        "mccabe": {
            "hashes": [
                "sha256:348e0240c33b60bbdf4e523192ef919f28cb2c3d7d5c7794f74009290f236325",
                "sha256:6c2d30ab6be0e4a46919781807b4f0d834ebdd6c6e3dca0bda5a15f863427b6e"
            ],
            "markers": "python_version >= '3.6'",
            "version": "==0.7.0"
        },
        "mypy": {
            "hashes": [
                "sha256:1124a18bc11a6a62887e3e137f37f53fbae476dc36c185d549d4f837a2a6a14e",
                "sha256:171a9ca9a40cd1843abeca0e405bc1940cd9b305eaeea2dda769ba096932bb22",
                "sha256:1905f494bfd7d85a23a88c5d97840888a7bd516545fc5aaedff0267e0bb54e2f",
                "sha256:1fbb8da62dc352133d7d7ca90ed2fb0e9d42bb1a32724c287d3c76c58cbaa9c2",
                "sha256:2922d42e16d6de288022e5ca321cd0618b238cfc5570e0263e5ba0a77dbef56f",
                "sha256:2e2c2e6d3593f6451b18588848e66260ff62ccca522dd231cd4dd59b0160668b",
                "sha256:2ee2d57e01a7c35de00f4634ba1bbf015185b219e4dc5909e281016df43f5ee5",
                "sha256:2f2147ab812b75e5b5499b01ade1f4a81489a147c01585cda36019102538615f",
                "sha256:404534629d51d3efea5c800ee7c42b72a6554d6c400e6a79eafe15d11341fd43",
                "sha256:5469affef548bd1895d86d3bf10ce2b44e33d86923c29e4d675b3e323437ea3e",
                "sha256:5a95fb17c13e29d2d5195869262f8125dfdb5c134dc8d9a9d0aecf7525b10c2c",
                "sha256:6983aae8b2f653e098edb77f893f7b6aca69f6cffb19b2cc7443f23cce5f4828",
                "sha256:712e962a6357634fef20412699a3655c610110e01cdaa6180acec7fc9f8513ba",
                "sha256:8023ff13985661b50a5928fc7a5ca15f3d1affb41e5f0a9952cb68ef090b31ee",
                "sha256:811aeccadfb730024c5d3e326b2fbe9249bb7413553f15499a4050f7c30e801d",
                "sha256:8f8722560a14cde92fdb1e31597760dc35f9f5524cce17836c0d22841830fd5b",
                "sha256:93faf3fdb04768d44bf28693293f3904bbb555d076b781ad2530214ee53e3445",
                "sha256:973500e0774b85d9689715feeffcc980193086551110fd678ebe1f4342fb7c5e",
                "sha256:979e4e1a006511dacf628e36fadfecbcc0160a8af6ca7dad2f5025529e082c13",
                "sha256:98b7b9b9aedb65fe628c62a6dc57f6d5088ef2dfca37903a7d9ee374d03acca5",
                "sha256:aea39e0583d05124836ea645f412e88a5c7d0fd77a6d694b60d9b6b2d9f184fd",
                "sha256:b9378e2c00146c44793c98b8d5a61039a048e31f429fb0eb546d93f4b000bedf",
                "sha256:baefc32840a9f00babd83251560e0ae1573e2f9d1b067719479bfb0e987c6357",
                "sha256:be68172e9fd9ad8fb876c6389f16d1c1b5f100ffa779f77b1fb2176fcc9ab95b",
                "sha256:c43a7682e24b4f576d93072216bf56eeff70d9140241f9edec0c104d0c515036",
                "sha256:c4bb0e1bd29f7d34efcccd71cf733580191e9a264a2202b0239da95984c5b559",
                "sha256:c7be1e46525adfa0d97681432ee9fcd61a3964c2446795714699a998d193f1a3",
                "sha256:c9817fa23833ff189db061e6d2eff49b2f3b6ed9856b4a0a73046e41932d744f",
                "sha256:ce436f4c6d218a070048ed6a44c0bbb10cd2cc5e272b29e7845f6a2f57ee4464",
                "sha256:d10d994b41fb3497719bbf866f227b3489048ea4bbbb5015357db306249f7980",
                "sha256:e601a7fa172c2131bff456bb3ee08a88360760d0d2f8cbd7a75a65497e2df078",
                "sha256:f95579473af29ab73a10bada2f9722856792a36ec5af5399b653aa28360290a5"
            ],
            "index": "pypi",
            "markers": "python_version >= '3.9'",
            "version": "==1.15.0"
        },
        "mypy-extensions": {
            "hashes": [
                "sha256:4392f6c0eb8a5668a69e23d168ffa70f0be9ccfd32b5cc2d26a34ae5b844552d",
                "sha256:75dbf8955dc00442a438fc4d0666508a9a97b6bd41aa2f0ffe9d2f2725af0782"
            ],
            "markers": "python_version >= '3.5'",
            "version": "==1.0.0"
        },
        "packaging": {
            "hashes": [
                "sha256:09abb1bccd265c01f4a3aa3f7a7db064b36514d2cba19a2f694fe6150451a759",
                "sha256:c228a6dc5e932d346bc5739379109d49e8853dd8223571c7c5b55260edc0b97f"
            ],
            "markers": "python_version >= '3.8'",
            "version": "==24.2"
        },
        "pathspec": {
            "hashes": [
                "sha256:a0d503e138a4c123b27490a4f7beda6a01c6f288df0e4a8b79c7eb0dc7b4cc08",
                "sha256:a482d51503a1ab33b1c67a6c3813a26953dbdc71c31dacaef9a838c4e29f5712"
            ],
            "markers": "python_version >= '3.8'",
            "version": "==0.12.1"
        },
        "platformdirs": {
            "hashes": [
                "sha256:a03875334331946f13c549dbd8f4bac7a13a50a895a0eb1e8c6a8ace80d40a94",
                "sha256:eb437d586b6a0986388f0d6f74aa0cde27b48d0e3d66843640bfb6bdcdb6e351"
            ],
            "markers": "python_version >= '3.9'",
            "version": "==4.3.7"
        },
        "pluggy": {
            "hashes": [
                "sha256:2cffa88e94fdc978c4c574f15f9e59b7f4201d439195c3715ca9e2486f1d0cf1",
                "sha256:44e1ad92c8ca002de6377e165f3e0f1be63266ab4d554740532335b9d75ea669"
            ],
            "markers": "python_version >= '3.8'",
            "version": "==1.5.0"
        },
        "pylint": {
            "hashes": [
                "sha256:8b7c2d3e86ae3f94fb27703d521dd0b9b6b378775991f504d7c3a6275aa0a6a6",
                "sha256:b634a041aac33706d56a0d217e6587228c66427e20ec21a019bc4cdee48c040a"
            ],
            "index": "pypi",
            "markers": "python_full_version >= '3.9.0'",
            "version": "==3.3.6"
        },
        "pytest": {
            "hashes": [
                "sha256:50e16d954148559c9a74109af1eaf0c945ba2d8f30f0a3d3335edde19788b6f6",
                "sha256:965370d062bce11e73868e0335abac31b4d3de0e82f4007408d242b4f8610761"
            ],
            "index": "pypi",
            "markers": "python_version >= '3.8'",
            "version": "==8.3.4"
        },
        "pytest-asyncio": {
            "hashes": [
                "sha256:9e89518e0f9bd08928f97a3482fdc4e244df17529460bc038291ccaf8f85c7c3",
                "sha256:fc1da2cf9f125ada7e710b4ddad05518d4cee187ae9412e9ac9271003497f07a"
            ],
            "index": "pypi",
            "markers": "python_version >= '3.9'",
            "version": "==0.25.3"
        },
        "pytest-cov": {
            "hashes": [
                "sha256:eee6f1b9e61008bd34975a4d5bab25801eb31898b032dd55addc93e96fcaaa35",
                "sha256:fde0b595ca248bb8e2d76f020b465f3b107c9632e6a1d1705f17834c89dcadc0"
            ],
            "index": "pypi",
            "markers": "python_version >= '3.9'",
            "version": "==6.0.0"
        },
        "tomli": {
            "hashes": [
                "sha256:939de3e7a6161af0c887ef91b7d41a53e7c5a1ca976325f429cb46ea9bc30ecc",
                "sha256:de526c12914f0c550d15924c62d72abc48d6fe7364aa87328337a31007fe8a4f"
            ],
            "markers": "python_version < '3.11'",
            "version": "==2.0.1"
        },
        "tomlkit": {
            "hashes": [
                "sha256:7a974427f6e119197f670fbbbeae7bef749a6c14e793db934baefc1b5f03efde",
                "sha256:fff5fe59a87295b278abd31bec92c15d9bc4a06885ab12bcea52c71119392e79"
            ],
            "markers": "python_version >= '3.8'",
            "version": "==0.13.2"
        },
        "typing-extensions": {
            "hashes": [
                "sha256:04e5ca0351e0f3f85c6853954072df659d0d13fac324d0072316b67d7794700d",
                "sha256:1a7ead55c7e559dd4dee8856e3a88b41225abfe1ce8df57b7c13915fe121ffb8"
            ],
            "markers": "python_version >= '3.8'",
            "version": "==4.12.2"
        }
    }
}
